
Microsoft Visual Studio Solution File, Format Version 12.00
# Visual Studio Version 17
VisualStudioVersion = 17.0.31903.59
MinimumVisualStudioVersion = 10.0.40219.1
Project("{2150E333-8FDC-42A3-9474-1A3956D46DE8}") = "ConnectFour", "ConnectFour", "{7A6B391D-726D-0B9B-EEB9-CA7EDF012DF6}"
EndProject
Project("{FAE04EC0-301F-11D3-BF4B-00C04F79EFBC}") = "ConnectFour.App", "ConnectFour\ConnectFour.APP\ConnectFour.App.csproj", "{71D6498D-651A-4C88-B58E-0FFA6D404C87}"
EndProject
Project("{FAE04EC0-301F-11D3-BF4B-00C04F79EFBC}") = "ConnectFour.Controller", "ConnectFour\ConnectFour.CONTROLLER\ConnectFour.Controller.csproj", "{9C86DFDB-FAFA-46E4-8909-7B09D586B5F1}"
EndProject
Project("{FAE04EC0-301F-11D3-BF4B-00C04F79EFBC}") = "ConnectFour.Model", "ConnectFour\ConnectFour.MODEL\ConnectFour.Model.csproj", "{6192EDCD-C8B1-4C1F-8214-6CCF034F23FD}"
EndProject
Project("{FAE04EC0-301F-11D3-BF4B-00C04F79EFBC}") = "ConnectFour.View", "ConnectFour\ConnectFour.VIEW\ConnectFour.View.csproj", "{EA093FB9-FB63-4C9A-BAAD-D11BD92D1C45}"
EndProject
Project("{2150E333-8FDC-42A3-9474-1A3956D46DE8}") = "ConnectFour.TEST", "ConnectFour.TEST", "{D15FC164-0F89-16F3-BE1B-69A18E629AAB}"
EndProject
Project("{2150E333-8FDC-42A3-9474-1A3956D46DE8}") = "ConnectFour.TEST.MODEL", "ConnectFour.TEST.MODEL", "{80E8CFAD-D7B4-CD62-AAE5-732BD5BE8510}"
EndProject
Project("{FAE04EC0-301F-11D3-BF4B-00C04F79EFBC}") = "ConnectFour.Test.Model", "ConnectFour\ConnectFour.TEST\ConnectFour.TEST.MODEL\ConnectFour.Test.Model.csproj", "{B5774D5A-CA4A-4A9E-8BF9-210E830D8995}"
EndProject
Global
	GlobalSection(SolutionConfigurationPlatforms) = preSolution
		Debug|Any CPU = Debug|Any CPU
		Debug|x64 = Debug|x64
		Debug|x86 = Debug|x86
		Release|Any CPU = Release|Any CPU
		Release|x64 = Release|x64
		Release|x86 = Release|x86
	EndGlobalSection
	GlobalSection(ProjectConfigurationPlatforms) = postSolution
		{71D6498D-651A-4C88-B58E-0FFA6D404C87}.Debug|Any CPU.ActiveCfg = Debug|Any CPU
		{71D6498D-651A-4C88-B58E-0FFA6D404C87}.Debug|Any CPU.Build.0 = Debug|Any CPU
		{71D6498D-651A-4C88-B58E-0FFA6D404C87}.Debug|x64.ActiveCfg = Debug|Any CPU
		{71D6498D-651A-4C88-B58E-0FFA6D404C87}.Debug|x64.Build.0 = Debug|Any CPU
		{71D6498D-651A-4C88-B58E-0FFA6D404C87}.Debug|x86.ActiveCfg = Debug|Any CPU
		{71D6498D-651A-4C88-B58E-0FFA6D404C87}.Debug|x86.Build.0 = Debug|Any CPU
		{71D6498D-651A-4C88-B58E-0FFA6D404C87}.Release|Any CPU.ActiveCfg = Release|Any CPU
		{71D6498D-651A-4C88-B58E-0FFA6D404C87}.Release|Any CPU.Build.0 = Release|Any CPU
		{71D6498D-651A-4C88-B58E-0FFA6D404C87}.Release|x64.ActiveCfg = Release|Any CPU
		{71D6498D-651A-4C88-B58E-0FFA6D404C87}.Release|x64.Build.0 = Release|Any CPU
		{71D6498D-651A-4C88-B58E-0FFA6D404C87}.Release|x86.ActiveCfg = Release|Any CPU
		{71D6498D-651A-4C88-B58E-0FFA6D404C87}.Release|x86.Build.0 = Release|Any CPU
		{9C86DFDB-FAFA-46E4-8909-7B09D586B5F1}.Debug|Any CPU.ActiveCfg = Debug|Any CPU
		{9C86DFDB-FAFA-46E4-8909-7B09D586B5F1}.Debug|Any CPU.Build.0 = Debug|Any CPU
		{9C86DFDB-FAFA-46E4-8909-7B09D586B5F1}.Debug|x64.ActiveCfg = Debug|Any CPU
		{9C86DFDB-FAFA-46E4-8909-7B09D586B5F1}.Debug|x64.Build.0 = Debug|Any CPU
		{9C86DFDB-FAFA-46E4-8909-7B09D586B5F1}.Debug|x86.ActiveCfg = Debug|Any CPU
		{9C86DFDB-FAFA-46E4-8909-7B09D586B5F1}.Debug|x86.Build.0 = Debug|Any CPU
		{9C86DFDB-FAFA-46E4-8909-7B09D586B5F1}.Release|Any CPU.ActiveCfg = Release|Any CPU
		{9C86DFDB-FAFA-46E4-8909-7B09D586B5F1}.Release|Any CPU.Build.0 = Release|Any CPU
		{9C86DFDB-FAFA-46E4-8909-7B09D586B5F1}.Release|x64.ActiveCfg = Release|Any CPU
		{9C86DFDB-FAFA-46E4-8909-7B09D586B5F1}.Release|x64.Build.0 = Release|Any CPU
		{9C86DFDB-FAFA-46E4-8909-7B09D586B5F1}.Release|x86.ActiveCfg = Release|Any CPU
		{9C86DFDB-FAFA-46E4-8909-7B09D586B5F1}.Release|x86.Build.0 = Release|Any CPU
		{6192EDCD-C8B1-4C1F-8214-6CCF034F23FD}.Debug|Any CPU.ActiveCfg = Debug|Any CPU
		{6192EDCD-C8B1-4C1F-8214-6CCF034F23FD}.Debug|Any CPU.Build.0 = Debug|Any CPU
		{6192EDCD-C8B1-4C1F-8214-6CCF034F23FD}.Debug|x64.ActiveCfg = Debug|Any CPU
		{6192EDCD-C8B1-4C1F-8214-6CCF034F23FD}.Debug|x64.Build.0 = Debug|Any CPU
		{6192EDCD-C8B1-4C1F-8214-6CCF034F23FD}.Debug|x86.ActiveCfg = Debug|Any CPU
		{6192EDCD-C8B1-4C1F-8214-6CCF034F23FD}.Debug|x86.Build.0 = Debug|Any CPU
		{6192EDCD-C8B1-4C1F-8214-6CCF034F23FD}.Release|Any CPU.ActiveCfg = Release|Any CPU
		{6192EDCD-C8B1-4C1F-8214-6CCF034F23FD}.Release|Any CPU.Build.0 = Release|Any CPU
		{6192EDCD-C8B1-4C1F-8214-6CCF034F23FD}.Release|x64.ActiveCfg = Release|Any CPU
		{6192EDCD-C8B1-4C1F-8214-6CCF034F23FD}.Release|x64.Build.0 = Release|Any CPU
		{6192EDCD-C8B1-4C1F-8214-6CCF034F23FD}.Release|x86.ActiveCfg = Release|Any CPU
		{6192EDCD-C8B1-4C1F-8214-6CCF034F23FD}.Release|x86.Build.0 = Release|Any CPU
		{EA093FB9-FB63-4C9A-BAAD-D11BD92D1C45}.Debug|Any CPU.ActiveCfg = Debug|Any CPU
		{EA093FB9-FB63-4C9A-BAAD-D11BD92D1C45}.Debug|Any CPU.Build.0 = Debug|Any CPU
		{EA093FB9-FB63-4C9A-BAAD-D11BD92D1C45}.Debug|x64.ActiveCfg = Debug|Any CPU
		{EA093FB9-FB63-4C9A-BAAD-D11BD92D1C45}.Debug|x64.Build.0 = Debug|Any CPU
		{EA093FB9-FB63-4C9A-BAAD-D11BD92D1C45}.Debug|x86.ActiveCfg = Debug|Any CPU
		{EA093FB9-FB63-4C9A-BAAD-D11BD92D1C45}.Debug|x86.Build.0 = Debug|Any CPU
		{EA093FB9-FB63-4C9A-BAAD-D11BD92D1C45}.Release|Any CPU.ActiveCfg = Release|Any CPU
		{EA093FB9-FB63-4C9A-BAAD-D11BD92D1C45}.Release|Any CPU.Build.0 = Release|Any CPU
		{EA093FB9-FB63-4C9A-BAAD-D11BD92D1C45}.Release|x64.ActiveCfg = Release|Any CPU
		{EA093FB9-FB63-4C9A-BAAD-D11BD92D1C45}.Release|x64.Build.0 = Release|Any CPU
		{EA093FB9-FB63-4C9A-BAAD-D11BD92D1C45}.Release|x86.ActiveCfg = Release|Any CPU
		{EA093FB9-FB63-4C9A-BAAD-D11BD92D1C45}.Release|x86.Build.0 = Release|Any CPU
		{B5774D5A-CA4A-4A9E-8BF9-210E830D8995}.Debug|Any CPU.ActiveCfg = Debug|Any CPU
		{B5774D5A-CA4A-4A9E-8BF9-210E830D8995}.Debug|Any CPU.Build.0 = Debug|Any CPU
		{B5774D5A-CA4A-4A9E-8BF9-210E830D8995}.Debug|x64.ActiveCfg = Debug|Any CPU
		{B5774D5A-CA4A-4A9E-8BF9-210E830D8995}.Debug|x64.Build.0 = Debug|Any CPU
		{B5774D5A-CA4A-4A9E-8BF9-210E830D8995}.Debug|x86.ActiveCfg = Debug|Any CPU
		{B5774D5A-CA4A-4A9E-8BF9-210E830D8995}.Debug|x86.Build.0 = Debug|Any CPU
		{B5774D5A-CA4A-4A9E-8BF9-210E830D8995}.Release|Any CPU.ActiveCfg = Release|Any CPU
		{B5774D5A-CA4A-4A9E-8BF9-210E830D8995}.Release|Any CPU.Build.0 = Release|Any CPU
		{B5774D5A-CA4A-4A9E-8BF9-210E830D8995}.Release|x64.ActiveCfg = Release|Any CPU
		{B5774D5A-CA4A-4A9E-8BF9-210E830D8995}.Release|x64.Build.0 = Release|Any CPU
		{B5774D5A-CA4A-4A9E-8BF9-210E830D8995}.Release|x86.ActiveCfg = Release|Any CPU
		{B5774D5A-CA4A-4A9E-8BF9-210E830D8995}.Release|x86.Build.0 = Release|Any CPU
	EndGlobalSection
	GlobalSection(SolutionProperties) = preSolution
		HideSolutionNode = FALSE
	EndGlobalSection
	GlobalSection(NestedProjects) = preSolution
		{D15FC164-0F89-16F3-BE1B-69A18E629AAB} = {7A6B391D-726D-0B9B-EEB9-CA7EDF012DF6}
		{80E8CFAD-D7B4-CD62-AAE5-732BD5BE8510} = {D15FC164-0F89-16F3-BE1B-69A18E629AAB}
		{B5774D5A-CA4A-4A9E-8BF9-210E830D8995} = {80E8CFAD-D7B4-CD62-AAE5-732BD5BE8510}
		{71D6498D-651A-4C88-B58E-0FFA6D404C87} = {7A6B391D-726D-0B9B-EEB9-CA7EDF012DF6}
		{9C86DFDB-FAFA-46E4-8909-7B09D586B5F1} = {7A6B391D-726D-0B9B-EEB9-CA7EDF012DF6}
		{6192EDCD-C8B1-4C1F-8214-6CCF034F23FD} = {7A6B391D-726D-0B9B-EEB9-CA7EDF012DF6}
		{EA093FB9-FB63-4C9A-BAAD-D11BD92D1C45} = {7A6B391D-726D-0B9B-EEB9-CA7EDF012DF6}
	EndGlobalSection
EndGlobal
